// !$*UTF8*$!
{
	archiveVersion = 1;
	classes = {
	};
	objectVersion = 55;
	objects = {

/* Begin PBXBuildFile section */
		B5BF793F283208FE0026F2A6 /* AppDelegate.swift in Sources */ = {isa = PBXBuildFile; fileRef = B5BF793E283208FE0026F2A6 /* AppDelegate.swift */; };
		B5BF7941283208FE0026F2A6 /* SceneDelegate.swift in Sources */ = {isa = PBXBuildFile; fileRef = B5BF7940283208FE0026F2A6 /* SceneDelegate.swift */; };
		B5BF7943283208FE0026F2A6 /* ViewController.swift in Sources */ = {isa = PBXBuildFile; fileRef = B5BF7942283208FE0026F2A6 /* ViewController.swift */; };
		B5BF7946283208FE0026F2A6 /* Main.storyboard in Resources */ = {isa = PBXBuildFile; fileRef = B5BF7944283208FE0026F2A6 /* Main.storyboard */; };
		B5BF7948283208FF0026F2A6 /* Assets.xcassets in Resources */ = {isa = PBXBuildFile; fileRef = B5BF7947283208FF0026F2A6 /* Assets.xcassets */; };
		B5BF794B283208FF0026F2A6 /* LaunchScreen.storyboard in Resources */ = {isa = PBXBuildFile; fileRef = B5BF7949283208FF0026F2A6 /* LaunchScreen.storyboard */; };
		B5BF7959283209F50026F2A6 /* AdvertisingSdk.docc in Sources */ = {isa = PBXBuildFile; fileRef = B5BF7958283209F50026F2A6 /* AdvertisingSdk.docc */; };
		B5BF795F283209F50026F2A6 /* AdvertisingSdk.framework in Frameworks */ = {isa = PBXBuildFile; fileRef = B5BF7955283209F50026F2A6 /* AdvertisingSdk.framework */; };
		B5BF7966283209F50026F2A6 /* AdvertisingSdkTests.swift in Sources */ = {isa = PBXBuildFile; fileRef = B5BF7965283209F50026F2A6 /* AdvertisingSdkTests.swift */; };
		B5BF7967283209F50026F2A6 /* AdvertisingSdk.h in Headers */ = {isa = PBXBuildFile; fileRef = B5BF7957283209F50026F2A6 /* AdvertisingSdk.h */; settings = {ATTRIBUTES = (Public, ); }; };
		B5BF796A283209F50026F2A6 /* AdvertisingSdk.framework in Frameworks */ = {isa = PBXBuildFile; fileRef = B5BF7955283209F50026F2A6 /* AdvertisingSdk.framework */; };
		B5BF796B283209F50026F2A6 /* AdvertisingSdk.framework in Embed Frameworks */ = {isa = PBXBuildFile; fileRef = B5BF7955283209F50026F2A6 /* AdvertisingSdk.framework */; settings = {ATTRIBUTES = (CodeSignOnCopy, RemoveHeadersOnCopy, ); }; };
		B5BF797428320A1C0026F2A6 /* TechAdvertising.swift in Sources */ = {isa = PBXBuildFile; fileRef = B5BF797328320A1C0026F2A6 /* TechAdvertising.swift */; };
		B5BF797528320A1C0026F2A6 /* TechAdvertising.swift in Sources */ = {isa = PBXBuildFile; fileRef = B5BF797328320A1C0026F2A6 /* TechAdvertising.swift */; };
/* End PBXBuildFile section */

/* Begin PBXContainerItemProxy section */
		B5BF7960283209F50026F2A6 /* PBXContainerItemProxy */ = {
			isa = PBXContainerItemProxy;
			containerPortal = B5BF7919283208D50026F2A6 /* Project object */;
			proxyType = 1;
			remoteGlobalIDString = B5BF7954283209F50026F2A6;
			remoteInfo = AdvertisingSdk;
		};
		B5BF7962283209F50026F2A6 /* PBXContainerItemProxy */ = {
			isa = PBXContainerItemProxy;
			containerPortal = B5BF7919283208D50026F2A6 /* Project object */;
			proxyType = 1;
			remoteGlobalIDString = B5BF793B283208FE0026F2A6;
			remoteInfo = Demo;
		};
		B5BF7968283209F50026F2A6 /* PBXContainerItemProxy */ = {
			isa = PBXContainerItemProxy;
			containerPortal = B5BF7919283208D50026F2A6 /* Project object */;
			proxyType = 1;
			remoteGlobalIDString = B5BF7954283209F50026F2A6;
			remoteInfo = AdvertisingSdk;
		};
/* End PBXContainerItemProxy section */

/* Begin PBXCopyFilesBuildPhase section */
		B5BF796F283209F50026F2A6 /* Embed Frameworks */ = {
			isa = PBXCopyFilesBuildPhase;
			buildActionMask = 2147483647;
			dstPath = "";
			dstSubfolderSpec = 10;
			files = (
				B5BF796B283209F50026F2A6 /* AdvertisingSdk.framework in Embed Frameworks */,
			);
			name = "Embed Frameworks";
			runOnlyForDeploymentPostprocessing = 0;
		};
/* End PBXCopyFilesBuildPhase section */

/* Begin PBXFileReference section */
		B5BF793C283208FE0026F2A6 /* Demo.app */ = {isa = PBXFileReference; explicitFileType = wrapper.application; includeInIndex = 0; path = Demo.app; sourceTree = BUILT_PRODUCTS_DIR; };
		B5BF793E283208FE0026F2A6 /* AppDelegate.swift */ = {isa = PBXFileReference; lastKnownFileType = sourcecode.swift; path = AppDelegate.swift; sourceTree = "<group>"; };
		B5BF7940283208FE0026F2A6 /* SceneDelegate.swift */ = {isa = PBXFileReference; lastKnownFileType = sourcecode.swift; path = SceneDelegate.swift; sourceTree = "<group>"; };
		B5BF7942283208FE0026F2A6 /* ViewController.swift */ = {isa = PBXFileReference; lastKnownFileType = sourcecode.swift; path = ViewController.swift; sourceTree = "<group>"; };
		B5BF7945283208FE0026F2A6 /* Base */ = {isa = PBXFileReference; lastKnownFileType = file.storyboard; name = Base; path = Base.lproj/Main.storyboard; sourceTree = "<group>"; };
		B5BF7947283208FF0026F2A6 /* Assets.xcassets */ = {isa = PBXFileReference; lastKnownFileType = folder.assetcatalog; path = Assets.xcassets; sourceTree = "<group>"; };
		B5BF794A283208FF0026F2A6 /* Base */ = {isa = PBXFileReference; lastKnownFileType = file.storyboard; name = Base; path = Base.lproj/LaunchScreen.storyboard; sourceTree = "<group>"; };
		B5BF794C283208FF0026F2A6 /* Info.plist */ = {isa = PBXFileReference; lastKnownFileType = text.plist.xml; path = Info.plist; sourceTree = "<group>"; };
		B5BF7955283209F50026F2A6 /* AdvertisingSdk.framework */ = {isa = PBXFileReference; explicitFileType = wrapper.framework; includeInIndex = 0; path = AdvertisingSdk.framework; sourceTree = BUILT_PRODUCTS_DIR; };
		B5BF7957283209F50026F2A6 /* AdvertisingSdk.h */ = {isa = PBXFileReference; lastKnownFileType = sourcecode.c.h; path = AdvertisingSdk.h; sourceTree = "<group>"; };
		B5BF7958283209F50026F2A6 /* AdvertisingSdk.docc */ = {isa = PBXFileReference; lastKnownFileType = folder.documentationcatalog; path = AdvertisingSdk.docc; sourceTree = "<group>"; };
		B5BF795E283209F50026F2A6 /* AdvertisingSdkTests.xctest */ = {isa = PBXFileReference; explicitFileType = wrapper.cfbundle; includeInIndex = 0; path = AdvertisingSdkTests.xctest; sourceTree = BUILT_PRODUCTS_DIR; };
		B5BF7965283209F50026F2A6 /* AdvertisingSdkTests.swift */ = {isa = PBXFileReference; lastKnownFileType = sourcecode.swift; path = AdvertisingSdkTests.swift; sourceTree = "<group>"; };
		B5BF797328320A1C0026F2A6 /* TechAdvertising.swift */ = {isa = PBXFileReference; lastKnownFileType = sourcecode.swift; path = TechAdvertising.swift; sourceTree = "<group>"; };
/* End PBXFileReference section */

/* Begin PBXFrameworksBuildPhase section */
		B5BF7939283208FE0026F2A6 /* Frameworks */ = {
			isa = PBXFrameworksBuildPhase;
			buildActionMask = 2147483647;
			files = (
				B5BF796A283209F50026F2A6 /* AdvertisingSdk.framework in Frameworks */,
			);
			runOnlyForDeploymentPostprocessing = 0;
		};
		B5BF7952283209F50026F2A6 /* Frameworks */ = {
			isa = PBXFrameworksBuildPhase;
			buildActionMask = 2147483647;
			files = (
			);
			runOnlyForDeploymentPostprocessing = 0;
		};
		B5BF795B283209F50026F2A6 /* Frameworks */ = {
			isa = PBXFrameworksBuildPhase;
			buildActionMask = 2147483647;
			files = (
				B5BF795F283209F50026F2A6 /* AdvertisingSdk.framework in Frameworks */,
			);
			runOnlyForDeploymentPostprocessing = 0;
		};
/* End PBXFrameworksBuildPhase section */

/* Begin PBXGroup section */
		B5BF7918283208D50026F2A6 = {
			isa = PBXGroup;
			children = (
				B5BF793D283208FE0026F2A6 /* Demo */,
				B5BF7956283209F50026F2A6 /* AdvertisingSdk */,
				B5BF7964283209F50026F2A6 /* AdvertisingSdkTests */,
				B5BF7922283208D50026F2A6 /* Products */,
			);
			sourceTree = "<group>";
		};
		B5BF7922283208D50026F2A6 /* Products */ = {
			isa = PBXGroup;
			children = (
				B5BF793C283208FE0026F2A6 /* Demo.app */,
				B5BF7955283209F50026F2A6 /* AdvertisingSdk.framework */,
				B5BF795E283209F50026F2A6 /* AdvertisingSdkTests.xctest */,
			);
			name = Products;
			sourceTree = "<group>";
		};
		B5BF793D283208FE0026F2A6 /* Demo */ = {
			isa = PBXGroup;
			children = (
				B5BF793E283208FE0026F2A6 /* AppDelegate.swift */,
				B5BF7940283208FE0026F2A6 /* SceneDelegate.swift */,
				B5BF7942283208FE0026F2A6 /* ViewController.swift */,
				B5BF7944283208FE0026F2A6 /* Main.storyboard */,
				B5BF7947283208FF0026F2A6 /* Assets.xcassets */,
				B5BF7949283208FF0026F2A6 /* LaunchScreen.storyboard */,
				B5BF794C283208FF0026F2A6 /* Info.plist */,
			);
			path = Demo;
			sourceTree = "<group>";
		};
		B5BF7956283209F50026F2A6 /* AdvertisingSdk */ = {
			isa = PBXGroup;
			children = (
				B5BF7957283209F50026F2A6 /* AdvertisingSdk.h */,
				B5BF7958283209F50026F2A6 /* AdvertisingSdk.docc */,
				B5BF797328320A1C0026F2A6 /* TechAdvertising.swift */,
			);
			path = AdvertisingSdk;
			sourceTree = "<group>";
		};
		B5BF7964283209F50026F2A6 /* AdvertisingSdkTests */ = {
			isa = PBXGroup;
			children = (
				B5BF7965283209F50026F2A6 /* AdvertisingSdkTests.swift */,
			);
			path = AdvertisingSdkTests;
			sourceTree = "<group>";
		};
/* End PBXGroup section */

/* Begin PBXHeadersBuildPhase section */
		B5BF7950283209F50026F2A6 /* Headers */ = {
			isa = PBXHeadersBuildPhase;
			buildActionMask = 2147483647;
			files = (
				B5BF7967283209F50026F2A6 /* AdvertisingSdk.h in Headers */,
			);
			runOnlyForDeploymentPostprocessing = 0;
		};
/* End PBXHeadersBuildPhase section */

/* Begin PBXNativeTarget section */
		B5BF793B283208FE0026F2A6 /* Demo */ = {
			isa = PBXNativeTarget;
			buildConfigurationList = B5BF794D283208FF0026F2A6 /* Build configuration list for PBXNativeTarget "Demo" */;
			buildPhases = (
				B5BF7938283208FE0026F2A6 /* Sources */,
				B5BF7939283208FE0026F2A6 /* Frameworks */,
				B5BF793A283208FE0026F2A6 /* Resources */,
				B5BF796F283209F50026F2A6 /* Embed Frameworks */,
			);
			buildRules = (
			);
			dependencies = (
				B5BF7969283209F50026F2A6 /* PBXTargetDependency */,
			);
			name = Demo;
			productName = Demo;
			productReference = B5BF793C283208FE0026F2A6 /* Demo.app */;
			productType = "com.apple.product-type.application";
		};
		B5BF7954283209F50026F2A6 /* AdvertisingSdk */ = {
			isa = PBXNativeTarget;
			buildConfigurationList = B5BF796C283209F50026F2A6 /* Build configuration list for PBXNativeTarget "AdvertisingSdk" */;
			buildPhases = (
				B5BF7950283209F50026F2A6 /* Headers */,
				B5BF7951283209F50026F2A6 /* Sources */,
				B5BF7952283209F50026F2A6 /* Frameworks */,
				B5BF7953283209F50026F2A6 /* Resources */,
			);
			buildRules = (
			);
			dependencies = (
			);
			name = AdvertisingSdk;
			productName = AdvertisingSdk;
			productReference = B5BF7955283209F50026F2A6 /* AdvertisingSdk.framework */;
			productType = "com.apple.product-type.framework";
		};
		B5BF795D283209F50026F2A6 /* AdvertisingSdkTests */ = {
			isa = PBXNativeTarget;
			buildConfigurationList = B5BF7970283209F50026F2A6 /* Build configuration list for PBXNativeTarget "AdvertisingSdkTests" */;
			buildPhases = (
				B5BF795A283209F50026F2A6 /* Sources */,
				B5BF795B283209F50026F2A6 /* Frameworks */,
				B5BF795C283209F50026F2A6 /* Resources */,
			);
			buildRules = (
			);
			dependencies = (
				B5BF7961283209F50026F2A6 /* PBXTargetDependency */,
				B5BF7963283209F50026F2A6 /* PBXTargetDependency */,
			);
			name = AdvertisingSdkTests;
			productName = AdvertisingSdkTests;
			productReference = B5BF795E283209F50026F2A6 /* AdvertisingSdkTests.xctest */;
			productType = "com.apple.product-type.bundle.unit-test";
		};
/* End PBXNativeTarget section */

/* Begin PBXProject section */
		B5BF7919283208D50026F2A6 /* Project object */ = {
			isa = PBXProject;
			attributes = {
				BuildIndependentTargetsInParallel = 1;
				LastSwiftUpdateCheck = 1330;
				LastUpgradeCheck = 1330;
				TargetAttributes = {
					B5BF793B283208FE0026F2A6 = {
						CreatedOnToolsVersion = 13.3.1;
					};
					B5BF7954283209F50026F2A6 = {
						CreatedOnToolsVersion = 13.3.1;
					};
					B5BF795D283209F50026F2A6 = {
						CreatedOnToolsVersion = 13.3.1;
						TestTargetID = B5BF793B283208FE0026F2A6;
					};
				};
			};
			buildConfigurationList = B5BF791C283208D50026F2A6 /* Build configuration list for PBXProject "AdvertisingProject" */;
			compatibilityVersion = "Xcode 13.0";
			developmentRegion = en;
			hasScannedForEncodings = 0;
			knownRegions = (
				en,
				Base,
			);
			mainGroup = B5BF7918283208D50026F2A6;
			productRefGroup = B5BF7922283208D50026F2A6 /* Products */;
			projectDirPath = "";
			projectRoot = "";
			targets = (
				B5BF793B283208FE0026F2A6 /* Demo */,
				B5BF7954283209F50026F2A6 /* AdvertisingSdk */,
				B5BF795D283209F50026F2A6 /* AdvertisingSdkTests */,
			);
		};
/* End PBXProject section */

/* Begin PBXResourcesBuildPhase section */
		B5BF793A283208FE0026F2A6 /* Resources */ = {
			isa = PBXResourcesBuildPhase;
			buildActionMask = 2147483647;
			files = (
				B5BF794B283208FF0026F2A6 /* LaunchScreen.storyboard in Resources */,
				B5BF7948283208FF0026F2A6 /* Assets.xcassets in Resources */,
				B5BF7946283208FE0026F2A6 /* Main.storyboard in Resources */,
			);
			runOnlyForDeploymentPostprocessing = 0;
		};
		B5BF7953283209F50026F2A6 /* Resources */ = {
			isa = PBXResourcesBuildPhase;
			buildActionMask = 2147483647;
			files = (
			);
			runOnlyForDeploymentPostprocessing = 0;
		};
		B5BF795C283209F50026F2A6 /* Resources */ = {
			isa = PBXResourcesBuildPhase;
			buildActionMask = 2147483647;
			files = (
			);
			runOnlyForDeploymentPostprocessing = 0;
		};
/* End PBXResourcesBuildPhase section */

/* Begin PBXSourcesBuildPhase section */
		B5BF7938283208FE0026F2A6 /* Sources */ = {
			isa = PBXSourcesBuildPhase;
			buildActionMask = 2147483647;
			files = (
				B5BF7943283208FE0026F2A6 /* ViewController.swift in Sources */,
				B5BF793F283208FE0026F2A6 /* AppDelegate.swift in Sources */,
				B5BF7941283208FE0026F2A6 /* SceneDelegate.swift in Sources */,
			);
			runOnlyForDeploymentPostprocessing = 0;
		};
		B5BF7951283209F50026F2A6 /* Sources */ = {
			isa = PBXSourcesBuildPhase;
			buildActionMask = 2147483647;
			files = (
				B5BF797428320A1C0026F2A6 /* TechAdvertising.swift in Sources */,
				B5BF7959283209F50026F2A6 /* AdvertisingSdk.docc in Sources */,
			);
			runOnlyForDeploymentPostprocessing = 0;
		};
		B5BF795A283209F50026F2A6 /* Sources */ = {
			isa = PBXSourcesBuildPhase;
			buildActionMask = 2147483647;
			files = (
				B5BF797528320A1C0026F2A6 /* TechAdvertising.swift in Sources */,
				B5BF7966283209F50026F2A6 /* AdvertisingSdkTests.swift in Sources */,
			);
			runOnlyForDeploymentPostprocessing = 0;
		};
/* End PBXSourcesBuildPhase section */

/* Begin PBXTargetDependency section */
		B5BF7961283209F50026F2A6 /* PBXTargetDependency */ = {
			isa = PBXTargetDependency;
			target = B5BF7954283209F50026F2A6 /* AdvertisingSdk */;
			targetProxy = B5BF7960283209F50026F2A6 /* PBXContainerItemProxy */;
		};
		B5BF7963283209F50026F2A6 /* PBXTargetDependency */ = {
			isa = PBXTargetDependency;
			target = B5BF793B283208FE0026F2A6 /* Demo */;
			targetProxy = B5BF7962283209F50026F2A6 /* PBXContainerItemProxy */;
		};
		B5BF7969283209F50026F2A6 /* PBXTargetDependency */ = {
			isa = PBXTargetDependency;
			target = B5BF7954283209F50026F2A6 /* AdvertisingSdk */;
			targetProxy = B5BF7968283209F50026F2A6 /* PBXContainerItemProxy */;
		};
/* End PBXTargetDependency section */

/* Begin PBXVariantGroup section */
		B5BF7944283208FE0026F2A6 /* Main.storyboard */ = {
			isa = PBXVariantGroup;
			children = (
				B5BF7945283208FE0026F2A6 /* Base */,
			);
			name = Main.storyboard;
			sourceTree = "<group>";
		};
		B5BF7949283208FF0026F2A6 /* LaunchScreen.storyboard */ = {
			isa = PBXVariantGroup;
			children = (
				B5BF794A283208FF0026F2A6 /* Base */,
			);
			name = LaunchScreen.storyboard;
			sourceTree = "<group>";
		};
/* End PBXVariantGroup section */

/* Begin XCBuildConfiguration section */
		B5BF7933283208D60026F2A6 /* Debug */ = {
			isa = XCBuildConfiguration;
			buildSettings = {
				ALWAYS_SEARCH_USER_PATHS = NO;
				CLANG_ANALYZER_NONNULL = YES;
				CLANG_ANALYZER_NUMBER_OBJECT_CONVERSION = YES_AGGRESSIVE;
				CLANG_CXX_LANGUAGE_STANDARD = "gnu++17";
				CLANG_ENABLE_MODULES = YES;
				CLANG_ENABLE_OBJC_ARC = YES;
				CLANG_ENABLE_OBJC_WEAK = YES;
				CLANG_WARN_BLOCK_CAPTURE_AUTORELEASING = YES;
				CLANG_WARN_BOOL_CONVERSION = YES;
				CLANG_WARN_COMMA = YES;
				CLANG_WARN_CONSTANT_CONVERSION = YES;
				CLANG_WARN_DEPRECATED_OBJC_IMPLEMENTATIONS = YES;
				CLANG_WARN_DIRECT_OBJC_ISA_USAGE = YES_ERROR;
				CLANG_WARN_DOCUMENTATION_COMMENTS = YES;
				CLANG_WARN_EMPTY_BODY = YES;
				CLANG_WARN_ENUM_CONVERSION = YES;
				CLANG_WARN_INFINITE_RECURSION = YES;
				CLANG_WARN_INT_CONVERSION = YES;
				CLANG_WARN_NON_LITERAL_NULL_CONVERSION = YES;
				CLANG_WARN_OBJC_IMPLICIT_RETAIN_SELF = YES;
				CLANG_WARN_OBJC_LITERAL_CONVERSION = YES;
				CLANG_WARN_OBJC_ROOT_CLASS = YES_ERROR;
				CLANG_WARN_QUOTED_INCLUDE_IN_FRAMEWORK_HEADER = YES;
				CLANG_WARN_RANGE_LOOP_ANALYSIS = YES;
				CLANG_WARN_STRICT_PROTOTYPES = YES;
				CLANG_WARN_SUSPICIOUS_MOVE = YES;
				CLANG_WARN_UNGUARDED_AVAILABILITY = YES_AGGRESSIVE;
				CLANG_WARN_UNREACHABLE_CODE = YES;
				CLANG_WARN__DUPLICATE_METHOD_MATCH = YES;
				COPY_PHASE_STRIP = NO;
				DEBUG_INFORMATION_FORMAT = dwarf;
				ENABLE_STRICT_OBJC_MSGSEND = YES;
				ENABLE_TESTABILITY = YES;
				GCC_C_LANGUAGE_STANDARD = gnu11;
				GCC_DYNAMIC_NO_PIC = NO;
				GCC_NO_COMMON_BLOCKS = YES;
				GCC_OPTIMIZATION_LEVEL = 0;
				GCC_PREPROCESSOR_DEFINITIONS = (
					"DEBUG=1",
					"$(inherited)",
				);
				GCC_WARN_64_TO_32_BIT_CONVERSION = YES;
				GCC_WARN_ABOUT_RETURN_TYPE = YES_ERROR;
				GCC_WARN_UNDECLARED_SELECTOR = YES;
				GCC_WARN_UNINITIALIZED_AUTOS = YES_AGGRESSIVE;
				GCC_WARN_UNUSED_FUNCTION = YES;
				GCC_WARN_UNUSED_VARIABLE = YES;
				IPHONEOS_DEPLOYMENT_TARGET = 15.4;
				MTL_ENABLE_DEBUG_INFO = INCLUDE_SOURCE;
				MTL_FAST_MATH = YES;
				ONLY_ACTIVE_ARCH = YES;
				SDKROOT = iphoneos;
				SWIFT_ACTIVE_COMPILATION_CONDITIONS = DEBUG;
				SWIFT_OPTIMIZATION_LEVEL = "-Onone";
			};
			name = Debug;
		};
		B5BF7934283208D60026F2A6 /* Release */ = {
			isa = XCBuildConfiguration;
			buildSettings = {
				ALWAYS_SEARCH_USER_PATHS = NO;
				CLANG_ANALYZER_NONNULL = YES;
				CLANG_ANALYZER_NUMBER_OBJECT_CONVERSION = YES_AGGRESSIVE;
				CLANG_CXX_LANGUAGE_STANDARD = "gnu++17";
				CLANG_ENABLE_MODULES = YES;
				CLANG_ENABLE_OBJC_ARC = YES;
				CLANG_ENABLE_OBJC_WEAK = YES;
				CLANG_WARN_BLOCK_CAPTURE_AUTORELEASING = YES;
				CLANG_WARN_BOOL_CONVERSION = YES;
				CLANG_WARN_COMMA = YES;
				CLANG_WARN_CONSTANT_CONVERSION = YES;
				CLANG_WARN_DEPRECATED_OBJC_IMPLEMENTATIONS = YES;
				CLANG_WARN_DIRECT_OBJC_ISA_USAGE = YES_ERROR;
				CLANG_WARN_DOCUMENTATION_COMMENTS = YES;
				CLANG_WARN_EMPTY_BODY = YES;
				CLANG_WARN_ENUM_CONVERSION = YES;
				CLANG_WARN_INFINITE_RECURSION = YES;
				CLANG_WARN_INT_CONVERSION = YES;
				CLANG_WARN_NON_LITERAL_NULL_CONVERSION = YES;
				CLANG_WARN_OBJC_IMPLICIT_RETAIN_SELF = YES;
				CLANG_WARN_OBJC_LITERAL_CONVERSION = YES;
				CLANG_WARN_OBJC_ROOT_CLASS = YES_ERROR;
				CLANG_WARN_QUOTED_INCLUDE_IN_FRAMEWORK_HEADER = YES;
				CLANG_WARN_RANGE_LOOP_ANALYSIS = YES;
				CLANG_WARN_STRICT_PROTOTYPES = YES;
				CLANG_WARN_SUSPICIOUS_MOVE = YES;
				CLANG_WARN_UNGUARDED_AVAILABILITY = YES_AGGRESSIVE;
				CLANG_WARN_UNREACHABLE_CODE = YES;
				CLANG_WARN__DUPLICATE_METHOD_MATCH = YES;
				COPY_PHASE_STRIP = NO;
				DEBUG_INFORMATION_FORMAT = "dwarf-with-dsym";
				ENABLE_NS_ASSERTIONS = NO;
				ENABLE_STRICT_OBJC_MSGSEND = YES;
				GCC_C_LANGUAGE_STANDARD = gnu11;
				GCC_NO_COMMON_BLOCKS = YES;
				GCC_WARN_64_TO_32_BIT_CONVERSION = YES;
				GCC_WARN_ABOUT_RETURN_TYPE = YES_ERROR;
				GCC_WARN_UNDECLARED_SELECTOR = YES;
				GCC_WARN_UNINITIALIZED_AUTOS = YES_AGGRESSIVE;
				GCC_WARN_UNUSED_FUNCTION = YES;
				GCC_WARN_UNUSED_VARIABLE = YES;
				IPHONEOS_DEPLOYMENT_TARGET = 15.4;
				MTL_ENABLE_DEBUG_INFO = NO;
				MTL_FAST_MATH = YES;
				SDKROOT = iphoneos;
				SWIFT_COMPILATION_MODE = wholemodule;
				SWIFT_OPTIMIZATION_LEVEL = "-O";
				VALIDATE_PRODUCT = YES;
			};
			name = Release;
		};
		B5BF794E283208FF0026F2A6 /* Debug */ = {
			isa = XCBuildConfiguration;
			buildSettings = {
				ALWAYS_EMBED_SWIFT_STANDARD_LIBRARIES = YES;
				ASSETCATALOG_COMPILER_APPICON_NAME = AppIcon;
				ASSETCATALOG_COMPILER_GLOBAL_ACCENT_COLOR_NAME = AccentColor;
				CODE_SIGN_STYLE = Automatic;
				CURRENT_PROJECT_VERSION = 1;
				DEVELOPMENT_TEAM = EVFH5445B6;
				GENERATE_INFOPLIST_FILE = YES;
				INFOPLIST_FILE = Demo/Info.plist;
				INFOPLIST_KEY_UIApplicationSupportsIndirectInputEvents = YES;
				INFOPLIST_KEY_UILaunchStoryboardName = LaunchScreen;
				INFOPLIST_KEY_UIMainStoryboardFile = Main;
				INFOPLIST_KEY_UISupportedInterfaceOrientations_iPad = "UIInterfaceOrientationPortrait UIInterfaceOrientationPortraitUpsideDown UIInterfaceOrientationLandscapeLeft UIInterfaceOrientationLandscapeRight";
				INFOPLIST_KEY_UISupportedInterfaceOrientations_iPhone = "UIInterfaceOrientationPortrait UIInterfaceOrientationLandscapeLeft UIInterfaceOrientationLandscapeRight";
				LD_RUNPATH_SEARCH_PATHS = (
					"$(inherited)",
					"@executable_path/Frameworks",
				);
				MARKETING_VERSION = 1.0;
				PRODUCT_BUNDLE_IDENTIFIER = tech.solutionarchitects.Demo;
				PRODUCT_NAME = "$(TARGET_NAME)";
				SWIFT_EMIT_LOC_STRINGS = YES;
				SWIFT_VERSION = 5.0;
				TARGETED_DEVICE_FAMILY = "1,2";
			};
			name = Debug;
		};
		B5BF794F283208FF0026F2A6 /* Release */ = {
			isa = XCBuildConfiguration;
			buildSettings = {
				ALWAYS_EMBED_SWIFT_STANDARD_LIBRARIES = YES;
				ASSETCATALOG_COMPILER_APPICON_NAME = AppIcon;
				ASSETCATALOG_COMPILER_GLOBAL_ACCENT_COLOR_NAME = AccentColor;
				CODE_SIGN_STYLE = Automatic;
				CURRENT_PROJECT_VERSION = 1;
				DEVELOPMENT_TEAM = EVFH5445B6;
				GENERATE_INFOPLIST_FILE = YES;
				INFOPLIST_FILE = Demo/Info.plist;
				INFOPLIST_KEY_UIApplicationSupportsIndirectInputEvents = YES;
				INFOPLIST_KEY_UILaunchStoryboardName = LaunchScreen;
				INFOPLIST_KEY_UIMainStoryboardFile = Main;
				INFOPLIST_KEY_UISupportedInterfaceOrientations_iPad = "UIInterfaceOrientationPortrait UIInterfaceOrientationPortraitUpsideDown UIInterfaceOrientationLandscapeLeft UIInterfaceOrientationLandscapeRight";
				INFOPLIST_KEY_UISupportedInterfaceOrientations_iPhone = "UIInterfaceOrientationPortrait UIInterfaceOrientationLandscapeLeft UIInterfaceOrientationLandscapeRight";
				LD_RUNPATH_SEARCH_PATHS = (
					"$(inherited)",
					"@executable_path/Frameworks",
				);
				MARKETING_VERSION = 1.0;
				PRODUCT_BUNDLE_IDENTIFIER = tech.solutionarchitects.Demo;
				PRODUCT_NAME = "$(TARGET_NAME)";
				SWIFT_EMIT_LOC_STRINGS = YES;
				SWIFT_VERSION = 5.0;
				TARGETED_DEVICE_FAMILY = "1,2";
			};
			name = Release;
		};
		B5BF796D283209F50026F2A6 /* Debug */ = {
			isa = XCBuildConfiguration;
			buildSettings = {
				CODE_SIGN_STYLE = Automatic;
				CURRENT_PROJECT_VERSION = 1;
				DEFINES_MODULE = YES;
				DEVELOPMENT_TEAM = EVFH5445B6;
				DYLIB_COMPATIBILITY_VERSION = 1;
				DYLIB_CURRENT_VERSION = 1;
				DYLIB_INSTALL_NAME_BASE = "@rpath";
				GENERATE_INFOPLIST_FILE = YES;
				INFOPLIST_KEY_NSHumanReadableCopyright = "";
				INSTALL_PATH = "$(LOCAL_LIBRARY_DIR)/Frameworks";
				LD_RUNPATH_SEARCH_PATHS = (
					"$(inherited)",
					"@executable_path/Frameworks",
					"@loader_path/Frameworks",
				);
				MARKETING_VERSION = 1.0;
				PRODUCT_BUNDLE_IDENTIFIER = tech.solutionarchitects.AdvertisingSdk;
				PRODUCT_NAME = "$(TARGET_NAME:c99extidentifier)";
				SKIP_INSTALL = YES;
				SWIFT_EMIT_LOC_STRINGS = YES;
				SWIFT_VERSION = 5.0;
				TARGETED_DEVICE_FAMILY = "1,2";
				VERSIONING_SYSTEM = "apple-generic";
				VERSION_INFO_PREFIX = "";
			};
			name = Debug;
		};
		B5BF796E283209F50026F2A6 /* Release */ = {
			isa = XCBuildConfiguration;
			buildSettings = {
				CODE_SIGN_STYLE = Automatic;
				CURRENT_PROJECT_VERSION = 1;
				DEFINES_MODULE = YES;
				DEVELOPMENT_TEAM = EVFH5445B6;
				DYLIB_COMPATIBILITY_VERSION = 1;
				DYLIB_CURRENT_VERSION = 1;
				DYLIB_INSTALL_NAME_BASE = "@rpath";
				GENERATE_INFOPLIST_FILE = YES;
				INFOPLIST_KEY_NSHumanReadableCopyright = "";
				INSTALL_PATH = "$(LOCAL_LIBRARY_DIR)/Frameworks";
				LD_RUNPATH_SEARCH_PATHS = (
					"$(inherited)",
					"@executable_path/Frameworks",
					"@loader_path/Frameworks",
				);
				MARKETING_VERSION = 1.0;
				PRODUCT_BUNDLE_IDENTIFIER = tech.solutionarchitects.AdvertisingSdk;
				PRODUCT_NAME = "$(TARGET_NAME:c99extidentifier)";
				SKIP_INSTALL = YES;
				SWIFT_EMIT_LOC_STRINGS = YES;
				SWIFT_VERSION = 5.0;
				TARGETED_DEVICE_FAMILY = "1,2";
				VERSIONING_SYSTEM = "apple-generic";
				VERSION_INFO_PREFIX = "";
			};
			name = Release;
		};
		B5BF7971283209F50026F2A6 /* Debug */ = {
			isa = XCBuildConfiguration;
			buildSettings = {
				ALWAYS_EMBED_SWIFT_STANDARD_LIBRARIES = YES;
				CODE_SIGN_STYLE = Automatic;
				CURRENT_PROJECT_VERSION = 1;
				DEVELOPMENT_TEAM = EVFH5445B6;
				GENERATE_INFOPLIST_FILE = YES;
				MARKETING_VERSION = 1.0;
				PRODUCT_BUNDLE_IDENTIFIER = tech.solutionarchitects.AdvertisingSdkTests;
				PRODUCT_NAME = "$(TARGET_NAME)";
				SWIFT_EMIT_LOC_STRINGS = NO;
				SWIFT_VERSION = 5.0;
				TARGETED_DEVICE_FAMILY = "1,2";
				TEST_HOST = "$(BUILT_PRODUCTS_DIR)/Demo.app/Demo";
			};
			name = Debug;
		};
		B5BF7972283209F50026F2A6 /* Release */ = {
			isa = XCBuildConfiguration;
			buildSettings = {
				ALWAYS_EMBED_SWIFT_STANDARD_LIBRARIES = YES;
				CODE_SIGN_STYLE = Automatic;
				CURRENT_PROJECT_VERSION = 1;
				DEVELOPMENT_TEAM = EVFH5445B6;
				GENERATE_INFOPLIST_FILE = YES;
				MARKETING_VERSION = 1.0;
				PRODUCT_BUNDLE_IDENTIFIER = tech.solutionarchitects.AdvertisingSdkTests;
				PRODUCT_NAME = "$(TARGET_NAME)";
				SWIFT_EMIT_LOC_STRINGS = NO;
				SWIFT_VERSION = 5.0;
				TARGETED_DEVICE_FAMILY = "1,2";
				TEST_HOST = "$(BUILT_PRODUCTS_DIR)/Demo.app/Demo";
			};
			name = Release;
		};
/* End XCBuildConfiguration section */

/* Begin XCConfigurationList section */
		B5BF791C283208D50026F2A6 /* Build configuration list for PBXProject "AdvertisingProject" */ = {
			isa = XCConfigurationList;
			buildConfigurations = (
				B5BF7933283208D60026F2A6 /* Debug */,
				B5BF7934283208D60026F2A6 /* Release */,
			);
			defaultConfigurationIsVisible = 0;
			defaultConfigurationName = Release;
		};
		B5BF794D283208FF0026F2A6 /* Build configuration list for PBXNativeTarget "Demo" */ = {
			isa = XCConfigurationList;
			buildConfigurations = (
				B5BF794E283208FF0026F2A6 /* Debug */,
				B5BF794F283208FF0026F2A6 /* Release */,
			);
			defaultConfigurationIsVisible = 0;
			defaultConfigurationName = Release;
		};
		B5BF796C283209F50026F2A6 /* Build configuration list for PBXNativeTarget "AdvertisingSdk" */ = {
			isa = XCConfigurationList;
			buildConfigurations = (
				B5BF796D283209F50026F2A6 /* Debug */,
				B5BF796E283209F50026F2A6 /* Release */,
			);
			defaultConfigurationIsVisible = 0;
			defaultConfigurationName = Release;
		};
		B5BF7970283209F50026F2A6 /* Build configuration list for PBXNativeTarget "AdvertisingSdkTests" */ = {
			isa = XCConfigurationList;
			buildConfigurations = (
				B5BF7971283209F50026F2A6 /* Debug */,
				B5BF7972283209F50026F2A6 /* Release */,
			);
			defaultConfigurationIsVisible = 0;
			defaultConfigurationName = Release;
		};
/* End XCConfigurationList section */
	};
	rootObject = B5BF7919283208D50026F2A6 /* Project object */;
}
